
Microsoft Visual Studio Solution File, Format Version 12.00
# Visual Studio Version 17
VisualStudioVersion = 17.11.35327.3
MinimumVisualStudioVersion = 10.0.40219.1
Project("{FAE04EC0-301F-11D3-BF4B-00C04F79EFBC}") = "ApiTarefasNet80", "ApiTarefasNet80.csproj", "{C0F8E72A-A32A-40ED-98E5-0A831F7CBC3C}"
EndProject
Global
	GlobalSection(SolutionConfigurationPlatforms) = preSolution
		Debug|Any CPU = Debug|Any CPU
		Release|Any CPU = Release|Any CPU
	EndGlobalSection
	GlobalSection(ProjectConfigurationPlatforms) = postSolution
		{C0F8E72A-A32A-40ED-98E5-0A831F7CBC3C}.Debug|Any CPU.ActiveCfg = Debug|Any CPU
		{C0F8E72A-A32A-40ED-98E5-0A831F7CBC3C}.Debug|Any CPU.Build.0 = Debug|Any CPU
		{C0F8E72A-A32A-40ED-98E5-0A831F7CBC3C}.Release|Any CPU.ActiveCfg = Release|Any CPU
		{C0F8E72A-A32A-40ED-98E5-0A831F7CBC3C}.Release|Any CPU.Build.0 = Release|Any CPU
	EndGlobalSection
	GlobalSection(SolutionProperties) = preSolution
		HideSolutionNode = FALSE
	EndGlobalSection
	GlobalSection(ExtensibilityGlobals) = postSolution
		SolutionGuid = {1A95D5BF-3559-46FB-A3C4-B6726B38F186}
	EndGlobalSection
EndGlobal
